
Microsoft Visual Studio Solution File, Format Version 12.00
# Visual Studio Version 16
VisualStudioVersion = 16.0.30907.101
MinimumVisualStudioVersion = 10.0.40219.1
Project("{FAE04EC0-301F-11D3-BF4B-00C04F79EFBC}") = "ContainsPerformanceTest", "ContainsPerformanceTest\ContainsPerformanceTest.csproj", "{932B3C75-4202-4057-AB56-B2AA81BFE100}"
EndProject
Global
	GlobalSection(SolutionConfigurationPlatforms) = preSolution
		Debug|Any CPU = Debug|Any CPU
		Release|Any CPU = Release|Any CPU
	EndGlobalSection
	GlobalSection(ProjectConfigurationPlatforms) = postSolution
		{932B3C75-4202-4057-AB56-B2AA81BFE100}.Debug|Any CPU.ActiveCfg = Debug|Any CPU
		{932B3C75-4202-4057-AB56-B2AA81BFE100}.Debug|Any CPU.Build.0 = Debug|Any CPU
		{932B3C75-4202-4057-AB56-B2AA81BFE100}.Release|Any CPU.ActiveCfg = Release|Any CPU
		{932B3C75-4202-4057-AB56-B2AA81BFE100}.Release|Any CPU.Build.0 = Release|Any CPU
	EndGlobalSection
	GlobalSection(SolutionProperties) = preSolution
		HideSolutionNode = FALSE
	EndGlobalSection
	GlobalSection(ExtensibilityGlobals) = postSolution
		SolutionGuid = {313C3CE6-0A8D-4F4E-B86D-563C59F1AA97}
	EndGlobalSection
EndGlobal
